
Microsoft Visual Studio Solution File, Format Version 12.00
# Visual Studio Version 16
VisualStudioVersion = 16.0.31911.196
MinimumVisualStudioVersion = 10.0.40219.1
Project("{FAE04EC0-301F-11D3-BF4B-00C04F79EFBC}") = "Bosca_Dana_Lab8", "Bosca_Dana_Lab8.csproj", "{11C5947C-2466-4C55-8EBC-420F5892049D}"
EndProject
Global
	GlobalSection(SolutionConfigurationPlatforms) = preSolution
		Debug|Any CPU = Debug|Any CPU
		Release|Any CPU = Release|Any CPU
	EndGlobalSection
	GlobalSection(ProjectConfigurationPlatforms) = postSolution
		{11C5947C-2466-4C55-8EBC-420F5892049D}.Debug|Any CPU.ActiveCfg = Debug|Any CPU
		{11C5947C-2466-4C55-8EBC-420F5892049D}.Debug|Any CPU.Build.0 = Debug|Any CPU
		{11C5947C-2466-4C55-8EBC-420F5892049D}.Release|Any CPU.ActiveCfg = Release|Any CPU
		{11C5947C-2466-4C55-8EBC-420F5892049D}.Release|Any CPU.Build.0 = Release|Any CPU
	EndGlobalSection
	GlobalSection(SolutionProperties) = preSolution
		HideSolutionNode = FALSE
	EndGlobalSection
	GlobalSection(ExtensibilityGlobals) = postSolution
		SolutionGuid = {77945530-D6F2-4932-A246-EE7F4B5E5179}
	EndGlobalSection
EndGlobal
